// !$*UTF8*$!
{
	archiveVersion = 1;
	classes = {
	};
	objectVersion = 46;
	objects = {

/* Begin PBXBuildFile section */
		2A4BBCBC1EF01CE4003BFE49 /* AppDelegate.swift in Sources */ = {isa = PBXBuildFile; fileRef = 2A4BBCBB1EF01CE4003BFE49 /* AppDelegate.swift */; };
		2A4BBCBE1EF01CE4003BFE49 /* ViewController.swift in Sources */ = {isa = PBXBuildFile; fileRef = 2A4BBCBD1EF01CE4003BFE49 /* ViewController.swift */; };
		2A4BBCC11EF01CE4003BFE49 /* Main.storyboard in Resources */ = {isa = PBXBuildFile; fileRef = 2A4BBCBF1EF01CE4003BFE49 /* Main.storyboard */; };
		2A4BBCC31EF01CE4003BFE49 /* Assets.xcassets in Resources */ = {isa = PBXBuildFile; fileRef = 2A4BBCC21EF01CE4003BFE49 /* Assets.xcassets */; };
		2A4BBCC61EF01CE4003BFE49 /* LaunchScreen.storyboard in Resources */ = {isa = PBXBuildFile; fileRef = 2A4BBCC41EF01CE4003BFE49 /* LaunchScreen.storyboard */; };
		2A4BBCD11EF01CE5003BFE49 /* Coffee_AppTests.swift in Sources */ = {isa = PBXBuildFile; fileRef = 2A4BBCD01EF01CE5003BFE49 /* Coffee_AppTests.swift */; };
		2A4BBCDC1EF01CE5003BFE49 /* Coffee_AppUITests.swift in Sources */ = {isa = PBXBuildFile; fileRef = 2A4BBCDB1EF01CE5003BFE49 /* Coffee_AppUITests.swift */; };
/* End PBXBuildFile section */

/* Begin PBXContainerItemProxy section */
		2A4BBCCD1EF01CE5003BFE49 /* PBXContainerItemProxy */ = {
			isa = PBXContainerItemProxy;
			containerPortal = 2A4BBCB01EF01CE4003BFE49 /* Project object */;
			proxyType = 1;
			remoteGlobalIDString = 2A4BBCB71EF01CE4003BFE49;
			remoteInfo = "Coffee App";
		};
		2A4BBCD81EF01CE5003BFE49 /* PBXContainerItemProxy */ = {
			isa = PBXContainerItemProxy;
			containerPortal = 2A4BBCB01EF01CE4003BFE49 /* Project object */;
			proxyType = 1;
			remoteGlobalIDString = 2A4BBCB71EF01CE4003BFE49;
			remoteInfo = "Coffee App";
		};
/* End PBXContainerItemProxy section */

/* Begin PBXFileReference section */
		2A4BBCB81EF01CE4003BFE49 /* Coffee App.app */ = {isa = PBXFileReference; explicitFileType = wrapper.application; includeInIndex = 0; path = "Coffee App.app"; sourceTree = BUILT_PRODUCTS_DIR; };
		2A4BBCBB1EF01CE4003BFE49 /* AppDelegate.swift */ = {isa = PBXFileReference; lastKnownFileType = sourcecode.swift; path = AppDelegate.swift; sourceTree = "<group>"; };
		2A4BBCBD1EF01CE4003BFE49 /* ViewController.swift */ = {isa = PBXFileReference; lastKnownFileType = sourcecode.swift; path = ViewController.swift; sourceTree = "<group>"; };
		2A4BBCC01EF01CE4003BFE49 /* Base */ = {isa = PBXFileReference; lastKnownFileType = file.storyboard; name = Base; path = Base.lproj/Main.storyboard; sourceTree = "<group>"; };
		2A4BBCC21EF01CE4003BFE49 /* Assets.xcassets */ = {isa = PBXFileReference; lastKnownFileType = folder.assetcatalog; path = Assets.xcassets; sourceTree = "<group>"; };
		2A4BBCC51EF01CE4003BFE49 /* Base */ = {isa = PBXFileReference; lastKnownFileType = file.storyboard; name = Base; path = Base.lproj/LaunchScreen.storyboard; sourceTree = "<group>"; };
		2A4BBCC71EF01CE4003BFE49 /* Info.plist */ = {isa = PBXFileReference; lastKnownFileType = text.plist.xml; path = Info.plist; sourceTree = "<group>"; };
		2A4BBCCC1EF01CE4003BFE49 /* Coffee AppTests.xctest */ = {isa = PBXFileReference; explicitFileType = wrapper.cfbundle; includeInIndex = 0; path = "Coffee AppTests.xctest"; sourceTree = BUILT_PRODUCTS_DIR; };
		2A4BBCD01EF01CE5003BFE49 /* Coffee_AppTests.swift */ = {isa = PBXFileReference; lastKnownFileType = sourcecode.swift; path = Coffee_AppTests.swift; sourceTree = "<group>"; };
		2A4BBCD21EF01CE5003BFE49 /* Info.plist */ = {isa = PBXFileReference; lastKnownFileType = text.plist.xml; path = Info.plist; sourceTree = "<group>"; };
		2A4BBCD71EF01CE5003BFE49 /* Coffee AppUITests.xctest */ = {isa = PBXFileReference; explicitFileType = wrapper.cfbundle; includeInIndex = 0; path = "Coffee AppUITests.xctest"; sourceTree = BUILT_PRODUCTS_DIR; };
		2A4BBCDB1EF01CE5003BFE49 /* Coffee_AppUITests.swift */ = {isa = PBXFileReference; lastKnownFileType = sourcecode.swift; path = Coffee_AppUITests.swift; sourceTree = "<group>"; };
		2A4BBCDD1EF01CE5003BFE49 /* Info.plist */ = {isa = PBXFileReference; lastKnownFileType = text.plist.xml; path = Info.plist; sourceTree = "<group>"; };
/* End PBXFileReference section */

/* Begin PBXFrameworksBuildPhase section */
		2A4BBCB51EF01CE4003BFE49 /* Frameworks */ = {
			isa = PBXFrameworksBuildPhase;
			buildActionMask = 2147483647;
			files = (
			);
			runOnlyForDeploymentPostprocessing = 0;
		};
		2A4BBCC91EF01CE4003BFE49 /* Frameworks */ = {
			isa = PBXFrameworksBuildPhase;
			buildActionMask = 2147483647;
			files = (
			);
			runOnlyForDeploymentPostprocessing = 0;
		};
		2A4BBCD41EF01CE5003BFE49 /* Frameworks */ = {
			isa = PBXFrameworksBuildPhase;
			buildActionMask = 2147483647;
			files = (
			);
			runOnlyForDeploymentPostprocessing = 0;
		};
/* End PBXFrameworksBuildPhase section */

/* Begin PBXGroup section */
		2A4BBCAF1EF01CE4003BFE49 = {
			isa = PBXGroup;
			children = (
				2A4BBCBA1EF01CE4003BFE49 /* Coffee App */,
				2A4BBCCF1EF01CE5003BFE49 /* Coffee AppTests */,
				2A4BBCDA1EF01CE5003BFE49 /* Coffee AppUITests */,
				2A4BBCB91EF01CE4003BFE49 /* Products */,
			);
			sourceTree = "<group>";
		};
		2A4BBCB91EF01CE4003BFE49 /* Products */ = {
			isa = PBXGroup;
			children = (
				2A4BBCB81EF01CE4003BFE49 /* Coffee App.app */,
				2A4BBCCC1EF01CE4003BFE49 /* Coffee AppTests.xctest */,
				2A4BBCD71EF01CE5003BFE49 /* Coffee AppUITests.xctest */,
			);
			name = Products;
			sourceTree = "<group>";
		};
		2A4BBCBA1EF01CE4003BFE49 /* Coffee App */ = {
			isa = PBXGroup;
			children = (
				2A4BBCBB1EF01CE4003BFE49 /* AppDelegate.swift */,
				2A4BBCBD1EF01CE4003BFE49 /* ViewController.swift */,
				2A4BBCBF1EF01CE4003BFE49 /* Main.storyboard */,
				2A4BBCC21EF01CE4003BFE49 /* Assets.xcassets */,
				2A4BBCC41EF01CE4003BFE49 /* LaunchScreen.storyboard */,
				2A4BBCC71EF01CE4003BFE49 /* Info.plist */,
			);
			path = "Coffee App";
			sourceTree = "<group>";
		};
		2A4BBCCF1EF01CE5003BFE49 /* Coffee AppTests */ = {
			isa = PBXGroup;
			children = (
				2A4BBCD01EF01CE5003BFE49 /* Coffee_AppTests.swift */,
				2A4BBCD21EF01CE5003BFE49 /* Info.plist */,
			);
			path = "Coffee AppTests";
			sourceTree = "<group>";
		};
		2A4BBCDA1EF01CE5003BFE49 /* Coffee AppUITests */ = {
			isa = PBXGroup;
			children = (
				2A4BBCDB1EF01CE5003BFE49 /* Coffee_AppUITests.swift */,
				2A4BBCDD1EF01CE5003BFE49 /* Info.plist */,
			);
			path = "Coffee AppUITests";
			sourceTree = "<group>";
		};
/* End PBXGroup section */

/* Begin PBXNativeTarget section */
		2A4BBCB71EF01CE4003BFE49 /* Coffee App */ = {
			isa = PBXNativeTarget;
			buildConfigurationList = 2A4BBCE01EF01CE5003BFE49 /* Build configuration list for PBXNativeTarget "Coffee App" */;
			buildPhases = (
				2A4BBCB41EF01CE4003BFE49 /* Sources */,
				2A4BBCB51EF01CE4003BFE49 /* Frameworks */,
				2A4BBCB61EF01CE4003BFE49 /* Resources */,
			);
			buildRules = (
			);
			dependencies = (
			);
			name = "Coffee App";
			productName = "Coffee App";
			productReference = 2A4BBCB81EF01CE4003BFE49 /* Coffee App.app */;
			productType = "com.apple.product-type.application";
		};
		2A4BBCCB1EF01CE4003BFE49 /* Coffee AppTests */ = {
			isa = PBXNativeTarget;
			buildConfigurationList = 2A4BBCE31EF01CE5003BFE49 /* Build configuration list for PBXNativeTarget "Coffee AppTests" */;
			buildPhases = (
				2A4BBCC81EF01CE4003BFE49 /* Sources */,
				2A4BBCC91EF01CE4003BFE49 /* Frameworks */,
				2A4BBCCA1EF01CE4003BFE49 /* Resources */,
			);
			buildRules = (
			);
			dependencies = (
				2A4BBCCE1EF01CE5003BFE49 /* PBXTargetDependency */,
			);
			name = "Coffee AppTests";
			productName = "Coffee AppTests";
			productReference = 2A4BBCCC1EF01CE4003BFE49 /* Coffee AppTests.xctest */;
			productType = "com.apple.product-type.bundle.unit-test";
		};
		2A4BBCD61EF01CE5003BFE49 /* Coffee AppUITests */ = {
			isa = PBXNativeTarget;
			buildConfigurationList = 2A4BBCE61EF01CE5003BFE49 /* Build configuration list for PBXNativeTarget "Coffee AppUITests" */;
			buildPhases = (
				2A4BBCD31EF01CE5003BFE49 /* Sources */,
				2A4BBCD41EF01CE5003BFE49 /* Frameworks */,
				2A4BBCD51EF01CE5003BFE49 /* Resources */,
			);
			buildRules = (
			);
			dependencies = (
				2A4BBCD91EF01CE5003BFE49 /* PBXTargetDependency */,
			);
			name = "Coffee AppUITests";
			productName = "Coffee AppUITests";
			productReference = 2A4BBCD71EF01CE5003BFE49 /* Coffee AppUITests.xctest */;
			productType = "com.apple.product-type.bundle.ui-testing";
		};
/* End PBXNativeTarget section */

/* Begin PBXProject section */
		2A4BBCB01EF01CE4003BFE49 /* Project object */ = {
			isa = PBXProject;
			attributes = {
				LastSwiftUpdateCheck = 0830;
				LastUpgradeCheck = 0830;
				ORGANIZATIONNAME = ayush;
				TargetAttributes = {
					2A4BBCB71EF01CE4003BFE49 = {
						CreatedOnToolsVersion = 8.3.2;
						DevelopmentTeam = 4FUFV9ADLZ;
						ProvisioningStyle = Automatic;
					};
					2A4BBCCB1EF01CE4003BFE49 = {
						CreatedOnToolsVersion = 8.3.2;
						DevelopmentTeam = 4FUFV9ADLZ;
						ProvisioningStyle = Automatic;
						TestTargetID = 2A4BBCB71EF01CE4003BFE49;
					};
					2A4BBCD61EF01CE5003BFE49 = {
						CreatedOnToolsVersion = 8.3.2;
						DevelopmentTeam = 4FUFV9ADLZ;
						ProvisioningStyle = Automatic;
						TestTargetID = 2A4BBCB71EF01CE4003BFE49;
					};
				};
			};
			buildConfigurationList = 2A4BBCB31EF01CE4003BFE49 /* Build configuration list for PBXProject "Coffee App" */;
			compatibilityVersion = "Xcode 3.2";
			developmentRegion = English;
			hasScannedForEncodings = 0;
			knownRegions = (
				en,
				Base,
			);
			mainGroup = 2A4BBCAF1EF01CE4003BFE49;
			productRefGroup = 2A4BBCB91EF01CE4003BFE49 /* Products */;
			projectDirPath = "";
			projectRoot = "";
			targets = (
				2A4BBCB71EF01CE4003BFE49 /* Coffee App */,
				2A4BBCCB1EF01CE4003BFE49 /* Coffee AppTests */,
				2A4BBCD61EF01CE5003BFE49 /* Coffee AppUITests */,
			);
		};
/* End PBXProject section */

/* Begin PBXResourcesBuildPhase section */
		2A4BBCB61EF01CE4003BFE49 /* Resources */ = {
			isa = PBXResourcesBuildPhase;
			buildActionMask = 2147483647;
			files = (
				2A4BBCC61EF01CE4003BFE49 /* LaunchScreen.storyboard in Resources */,
				2A4BBCC31EF01CE4003BFE49 /* Assets.xcassets in Resources */,
				2A4BBCC11EF01CE4003BFE49 /* Main.storyboard in Resources */,
			);
			runOnlyForDeploymentPostprocessing = 0;
		};
		2A4BBCCA1EF01CE4003BFE49 /* Resources */ = {
			isa = PBXResourcesBuildPhase;
			buildActionMask = 2147483647;
			files = (
			);
			runOnlyForDeploymentPostprocessing = 0;
		};
		2A4BBCD51EF01CE5003BFE49 /* Resources */ = {
			isa = PBXResourcesBuildPhase;
			buildActionMask = 2147483647;
			files = (
			);
			runOnlyForDeploymentPostprocessing = 0;
		};
/* End PBXResourcesBuildPhase section */

/* Begin PBXSourcesBuildPhase section */
		2A4BBCB41EF01CE4003BFE49 /* Sources */ = {
			isa = PBXSourcesBuildPhase;
			buildActionMask = 2147483647;
			files = (
				2A4BBCBE1EF01CE4003BFE49 /* ViewController.swift in Sources */,
				2A4BBCBC1EF01CE4003BFE49 /* AppDelegate.swift in Sources */,
			);
			runOnlyForDeploymentPostprocessing = 0;
		};
		2A4BBCC81EF01CE4003BFE49 /* Sources */ = {
			isa = PBXSourcesBuildPhase;
			buildActionMask = 2147483647;
			files = (
				2A4BBCD11EF01CE5003BFE49 /* Coffee_AppTests.swift in Sources */,
			);
			runOnlyForDeploymentPostprocessing = 0;
		};
		2A4BBCD31EF01CE5003BFE49 /* Sources */ = {
			isa = PBXSourcesBuildPhase;
			buildActionMask = 2147483647;
			files = (
				2A4BBCDC1EF01CE5003BFE49 /* Coffee_AppUITests.swift in Sources */,
			);
			runOnlyForDeploymentPostprocessing = 0;
		};
/* End PBXSourcesBuildPhase section */

/* Begin PBXTargetDependency section */
		2A4BBCCE1EF01CE5003BFE49 /* PBXTargetDependency */ = {
			isa = PBXTargetDependency;
			target = 2A4BBCB71EF01CE4003BFE49 /* Coffee App */;
			targetProxy = 2A4BBCCD1EF01CE5003BFE49 /* PBXContainerItemProxy */;
		};
		2A4BBCD91EF01CE5003BFE49 /* PBXTargetDependency */ = {
			isa = PBXTargetDependency;
			target = 2A4BBCB71EF01CE4003BFE49 /* Coffee App */;
			targetProxy = 2A4BBCD81EF01CE5003BFE49 /* PBXContainerItemProxy */;
		};
/* End PBXTargetDependency section */

/* Begin PBXVariantGroup section */
		2A4BBCBF1EF01CE4003BFE49 /* Main.storyboard */ = {
			isa = PBXVariantGroup;
			children = (
				2A4BBCC01EF01CE4003BFE49 /* Base */,
			);
			name = Main.storyboard;
			sourceTree = "<group>";
		};
		2A4BBCC41EF01CE4003BFE49 /* LaunchScreen.storyboard */ = {
			isa = PBXVariantGroup;
			children = (
				2A4BBCC51EF01CE4003BFE49 /* Base */,
			);
			name = LaunchScreen.storyboard;
			sourceTree = "<group>";
		};
/* End PBXVariantGroup section */

/* Begin XCBuildConfiguration section */
		2A4BBCDE1EF01CE5003BFE49 /* Debug */ = {
			isa = XCBuildConfiguration;
			buildSettings = {
				ALWAYS_SEARCH_USER_PATHS = NO;
				CLANG_ANALYZER_NONNULL = YES;
				CLANG_ANALYZER_NUMBER_OBJECT_CONVERSION = YES_AGGRESSIVE;
				CLANG_CXX_LANGUAGE_STANDARD = "gnu++0x";
				CLANG_CXX_LIBRARY = "libc++";
				CLANG_ENABLE_MODULES = YES;
				CLANG_ENABLE_OBJC_ARC = YES;
				CLANG_WARN_BOOL_CONVERSION = YES;
				CLANG_WARN_CONSTANT_CONVERSION = YES;
				CLANG_WARN_DIRECT_OBJC_ISA_USAGE = YES_ERROR;
				CLANG_WARN_DOCUMENTATION_COMMENTS = YES;
				CLANG_WARN_EMPTY_BODY = YES;
				CLANG_WARN_ENUM_CONVERSION = YES;
				CLANG_WARN_INFINITE_RECURSION = YES;
				CLANG_WARN_INT_CONVERSION = YES;
				CLANG_WARN_OBJC_ROOT_CLASS = YES_ERROR;
				CLANG_WARN_SUSPICIOUS_MOVE = YES;
				CLANG_WARN_UNREACHABLE_CODE = YES;
				CLANG_WARN__DUPLICATE_METHOD_MATCH = YES;
				"CODE_SIGN_IDENTITY[sdk=iphoneos*]" = "iPhone Developer";
				COPY_PHASE_STRIP = NO;
				DEBUG_INFORMATION_FORMAT = dwarf;
				ENABLE_STRICT_OBJC_MSGSEND = YES;
				ENABLE_TESTABILITY = YES;
				GCC_C_LANGUAGE_STANDARD = gnu99;
				GCC_DYNAMIC_NO_PIC = NO;
				GCC_NO_COMMON_BLOCKS = YES;
				GCC_OPTIMIZATION_LEVEL = 0;
				GCC_PREPROCESSOR_DEFINITIONS = (
					"DEBUG=1",
					"$(inherited)",
				);
				GCC_WARN_64_TO_32_BIT_CONVERSION = YES;
				GCC_WARN_ABOUT_RETURN_TYPE = YES_ERROR;
				GCC_WARN_UNDECLARED_SELECTOR = YES;
				GCC_WARN_UNINITIALIZED_AUTOS = YES_AGGRESSIVE;
				GCC_WARN_UNUSED_FUNCTION = YES;
				GCC_WARN_UNUSED_VARIABLE = YES;
				IPHONEOS_DEPLOYMENT_TARGET = 10.3;
				MTL_ENABLE_DEBUG_INFO = YES;
				ONLY_ACTIVE_ARCH = YES;
				SDKROOT = iphoneos;
				SWIFT_ACTIVE_COMPILATION_CONDITIONS = DEBUG;
				SWIFT_OPTIMIZATION_LEVEL = "-Onone";
				TARGETED_DEVICE_FAMILY = "1,2";
			};
			name = Debug;
		};
		2A4BBCDF1EF01CE5003BFE49 /* Release */ = {
			isa = XCBuildConfiguration;
			buildSettings = {
				ALWAYS_SEARCH_USER_PATHS = NO;
				CLANG_ANALYZER_NONNULL = YES;
				CLANG_ANALYZER_NUMBER_OBJECT_CONVERSION = YES_AGGRESSIVE;
				CLANG_CXX_LANGUAGE_STANDARD = "gnu++0x";
				CLANG_CXX_LIBRARY = "libc++";
				CLANG_ENABLE_MODULES = YES;
				CLANG_ENABLE_OBJC_ARC = YES;
				CLANG_WARN_BOOL_CONVERSION = YES;
				CLANG_WARN_CONSTANT_CONVERSION = YES;
				CLANG_WARN_DIRECT_OBJC_ISA_USAGE = YES_ERROR;
				CLANG_WARN_DOCUMENTATION_COMMENTS = YES;
				CLANG_WARN_EMPTY_BODY = YES;
				CLANG_WARN_ENUM_CONVERSION = YES;
				CLANG_WARN_INFINITE_RECURSION = YES;
				CLANG_WARN_INT_CONVERSION = YES;
				CLANG_WARN_OBJC_ROOT_CLASS = YES_ERROR;
				CLANG_WARN_SUSPICIOUS_MOVE = YES;
				CLANG_WARN_UNREACHABLE_CODE = YES;
				CLANG_WARN__DUPLICATE_METHOD_MATCH = YES;
				"CODE_SIGN_IDENTITY[sdk=iphoneos*]" = "iPhone Developer";
				COPY_PHASE_STRIP = NO;
				DEBUG_INFORMATION_FORMAT = "dwarf-with-dsym";
				ENABLE_NS_ASSERTIONS = NO;
				ENABLE_STRICT_OBJC_MSGSEND = YES;
				GCC_C_LANGUAGE_STANDARD = gnu99;
				GCC_NO_COMMON_BLOCKS = YES;
				GCC_WARN_64_TO_32_BIT_CONVERSION = YES;
				GCC_WARN_ABOUT_RETURN_TYPE = YES_ERROR;
				GCC_WARN_UNDECLARED_SELECTOR = YES;
				GCC_WARN_UNINITIALIZED_AUTOS = YES_AGGRESSIVE;
				GCC_WARN_UNUSED_FUNCTION = YES;
				GCC_WARN_UNUSED_VARIABLE = YES;
				IPHONEOS_DEPLOYMENT_TARGET = 10.3;
				MTL_ENABLE_DEBUG_INFO = NO;
				SDKROOT = iphoneos;
				SWIFT_OPTIMIZATION_LEVEL = "-Owholemodule";
				TARGETED_DEVICE_FAMILY = "1,2";
				VALIDATE_PRODUCT = YES;
			};
			name = Release;
		};
		2A4BBCE11EF01CE5003BFE49 /* Debug */ = {
			isa = XCBuildConfiguration;
			buildSettings = {
				ASSETCATALOG_COMPILER_APPICON_NAME = AppIcon;
				DEVELOPMENT_TEAM = 4FUFV9ADLZ;
				INFOPLIST_FILE = "Coffee App/Info.plist";
				LD_RUNPATH_SEARCH_PATHS = "$(inherited) @executable_path/Frameworks";
				PRODUCT_BUNDLE_IDENTIFIER = "com.AyuDhi-developers.Coffee-App";
				PRODUCT_NAME = "$(TARGET_NAME)";
				SWIFT_VERSION = 3.0;
			};
			name = Debug;
		};
		2A4BBCE21EF01CE5003BFE49 /* Release */ = {
			isa = XCBuildConfiguration;
			buildSettings = {
				ASSETCATALOG_COMPILER_APPICON_NAME = AppIcon;
				DEVELOPMENT_TEAM = 4FUFV9ADLZ;
				INFOPLIST_FILE = "Coffee App/Info.plist";
				LD_RUNPATH_SEARCH_PATHS = "$(inherited) @executable_path/Frameworks";
				PRODUCT_BUNDLE_IDENTIFIER = "com.AyuDhi-developers.Coffee-App";
				PRODUCT_NAME = "$(TARGET_NAME)";
				SWIFT_VERSION = 3.0;
			};
			name = Release;
		};
		2A4BBCE41EF01CE5003BFE49 /* Debug */ = {
			isa = XCBuildConfiguration;
			buildSettings = {
				ALWAYS_EMBED_SWIFT_STANDARD_LIBRARIES = YES;
				BUNDLE_LOADER = "$(TEST_HOST)";
				DEVELOPMENT_TEAM = 4FUFV9ADLZ;
				INFOPLIST_FILE = "Coffee AppTests/Info.plist";
				LD_RUNPATH_SEARCH_PATHS = "$(inherited) @executable_path/Frameworks @loader_path/Frameworks";
				PRODUCT_BUNDLE_IDENTIFIER = "com.AyuDhi-developers.Coffee-AppTests";
				PRODUCT_NAME = "$(TARGET_NAME)";
				SWIFT_VERSION = 3.0;
				TEST_HOST = "$(BUILT_PRODUCTS_DIR)/Coffee App.app/Coffee App";
			};
			name = Debug;
		};
		2A4BBCE51EF01CE5003BFE49 /* Release */ = {
			isa = XCBuildConfiguration;
			buildSettings = {
				ALWAYS_EMBED_SWIFT_STANDARD_LIBRARIES = YES;
				BUNDLE_LOADER = "$(TEST_HOST)";
				DEVELOPMENT_TEAM = 4FUFV9ADLZ;
				INFOPLIST_FILE = "Coffee AppTests/Info.plist";
				LD_RUNPATH_SEARCH_PATHS = "$(inherited) @executable_path/Frameworks @loader_path/Frameworks";
				PRODUCT_BUNDLE_IDENTIFIER = "com.AyuDhi-developers.Coffee-AppTests";
				PRODUCT_NAME = "$(TARGET_NAME)";
				SWIFT_VERSION = 3.0;
				TEST_HOST = "$(BUILT_PRODUCTS_DIR)/Coffee App.app/Coffee App";
			};
			name = Release;
		};
		2A4BBCE71EF01CE5003BFE49 /* Debug */ = {
			isa = XCBuildConfiguration;
			buildSettings = {
				ALWAYS_EMBED_SWIFT_STANDARD_LIBRARIES = YES;
				DEVELOPMENT_TEAM = 4FUFV9ADLZ;
				INFOPLIST_FILE = "Coffee AppUITests/Info.plist";
				LD_RUNPATH_SEARCH_PATHS = "$(inherited) @executable_path/Frameworks @loader_path/Frameworks";
				PRODUCT_BUNDLE_IDENTIFIER = "com.AyuDhi-developers.Coffee-AppUITests";
				PRODUCT_NAME = "$(TARGET_NAME)";
				SWIFT_VERSION = 3.0;
				TEST_TARGET_NAME = "Coffee App";
			};
			name = Debug;
		};
		2A4BBCE81EF01CE5003BFE49 /* Release */ = {
			isa = XCBuildConfiguration;
			buildSettings = {
				ALWAYS_EMBED_SWIFT_STANDARD_LIBRARIES = YES;
				DEVELOPMENT_TEAM = 4FUFV9ADLZ;
				INFOPLIST_FILE = "Coffee AppUITests/Info.plist";
				LD_RUNPATH_SEARCH_PATHS = "$(inherited) @executable_path/Frameworks @loader_path/Frameworks";
				PRODUCT_BUNDLE_IDENTIFIER = "com.AyuDhi-developers.Coffee-AppUITests";
				PRODUCT_NAME = "$(TARGET_NAME)";
				SWIFT_VERSION = 3.0;
				TEST_TARGET_NAME = "Coffee App";
			};
			name = Release;
		};
/* End XCBuildConfiguration section */

/* Begin XCConfigurationList section */
		2A4BBCB31EF01CE4003BFE49 /* Build configuration list for PBXProject "Coffee App" */ = {
			isa = XCConfigurationList;
			buildConfigurations = (
				2A4BBCDE1EF01CE5003BFE49 /* Debug */,
				2A4BBCDF1EF01CE5003BFE49 /* Release */,
			);
			defaultConfigurationIsVisible = 0;
			defaultConfigurationName = Release;
		};
		2A4BBCE01EF01CE5003BFE49 /* Build configuration list for PBXNativeTarget "Coffee App" */ = {
			isa = XCConfigurationList;
			buildConfigurations = (
				2A4BBCE11EF01CE5003BFE49 /* Debug */,
				2A4BBCE21EF01CE5003BFE49 /* Release */,
			);
			defaultConfigurationIsVisible = 0;
			defaultConfigurationName = Release;
		};
		2A4BBCE31EF01CE5003BFE49 /* Build configuration list for PBXNativeTarget "Coffee AppTests" */ = {
			isa = XCConfigurationList;
			buildConfigurations = (
				2A4BBCE41EF01CE5003BFE49 /* Debug */,
				2A4BBCE51EF01CE5003BFE49 /* Release */,
			);
			defaultConfigurationIsVisible = 0;
			defaultConfigurationName = Release;
		};
		2A4BBCE61EF01CE5003BFE49 /* Build configuration list for PBXNativeTarget "Coffee AppUITests" */ = {
			isa = XCConfigurationList;
			buildConfigurations = (
				2A4BBCE71EF01CE5003BFE49 /* Debug */,
				2A4BBCE81EF01CE5003BFE49 /* Release */,
			);
			defaultConfigurationIsVisible = 0;
			defaultConfigurationName = Release;
		};
/* End XCConfigurationList section */
	};
	rootObject = 2A4BBCB01EF01CE4003BFE49 /* Project object */;
}
